github.com/google/uuid v1.6.0 h1:NIvaJDMOsjHA8n1jAhLSgzrAzy1Hgr+hNrb57e+94F0=
github.com/google/uuid v1.6.0/go.mod h1:TIyPZe4MgqvfeYDBFedMoGGpEw/LqOeaOT+nhxU+yHo=
github.com/paulus-otto-harman/golang-module v1.1.0 h1:iHIWJ8mFz6Ynu2fvTG4l8gDOiS+vocMjSAGTwxx+YYM=
github.com/paulus-otto-harman/golang-module v1.1.0/go.mod h1:cc8qRLPV+PcAy1ZeZTHL7z4nMbPopuLFA0aES00qZVc=
